
Microsoft Visual Studio Solution File, Format Version 12.00
# Visual Studio Version 17
VisualStudioVersion = 17.8.34408.163
MinimumVisualStudioVersion = 10.0.40219.1
Project("{FAE04EC0-301F-11D3-BF4B-00C04F79EFBC}") = "Intex24_Group2_3", "Intex24_Group2_3\Intex24_Group2_3.csproj", "{322D4A31-AB2C-4271-8055-9F6932CFE8A2}"
EndProject
Global
	GlobalSection(SolutionConfigurationPlatforms) = preSolution
		Debug|Any CPU = Debug|Any CPU
		Release|Any CPU = Release|Any CPU
	EndGlobalSection
	GlobalSection(ProjectConfigurationPlatforms) = postSolution
		{322D4A31-AB2C-4271-8055-9F6932CFE8A2}.Debug|Any CPU.ActiveCfg = Debug|Any CPU
		{322D4A31-AB2C-4271-8055-9F6932CFE8A2}.Debug|Any CPU.Build.0 = Debug|Any CPU
		{322D4A31-AB2C-4271-8055-9F6932CFE8A2}.Release|Any CPU.ActiveCfg = Release|Any CPU
		{322D4A31-AB2C-4271-8055-9F6932CFE8A2}.Release|Any CPU.Build.0 = Release|Any CPU
	EndGlobalSection
	GlobalSection(SolutionProperties) = preSolution
		HideSolutionNode = FALSE
	EndGlobalSection
	GlobalSection(ExtensibilityGlobals) = postSolution
		SolutionGuid = {CA8868FE-8DE8-483B-9662-B0E2326A62B8}
	EndGlobalSection
EndGlobal
